
Microsoft Visual Studio Solution File, Format Version 12.00
# Visual Studio 14
VisualStudioVersion = 14.0.25420.1
MinimumVisualStudioVersion = 10.0.40219.1
Project("{2150E333-8FDC-42A3-9474-1A3956D46DE8}") = "acceso.datos", "acceso.datos", "{EBEF9B2D-AD0E-4D30-BFF8-9235104341A8}"
EndProject
Project("{2150E333-8FDC-42A3-9474-1A3956D46DE8}") = "presentacion", "presentacion", "{2055A4B1-1EBD-4AF0-B749-446E1D25FEF9}"
EndProject
Project("{FAE04EC0-301F-11D3-BF4B-00C04F79EFBC}") = "acceso.datos.service", "acceso.datos.service\acceso.datos.service.csproj", "{DA513F9C-E2A4-435D-922D-6823041EE758}"
EndProject
Project("{FAE04EC0-301F-11D3-BF4B-00C04F79EFBC}") = "presentacion.service", "presentacion.service\presentacion.service.csproj", "{2E52DF28-6D09-4DEF-949A-9A2371D72968}"
EndProject
Project("{2150E333-8FDC-42A3-9474-1A3956D46DE8}") = "data.access", "data.access", "{A5E7091C-530C-4407-B526-1EB5B4D6D469}"
EndProject
Project("{2150E333-8FDC-42A3-9474-1A3956D46DE8}") = "data.transfer.object", "data.transfer.object", "{58DC3EB7-EF17-40C3-8B13-D4BC2CB5AB13}"
EndProject
Project("{FAE04EC0-301F-11D3-BF4B-00C04F79EFBC}") = "acceso.datos.DTO", "acceso.datos.DTO\acceso.datos.DTO.csproj", "{41DB44AD-1B38-4F98-A95B-082214D93243}"
EndProject
Project("{2150E333-8FDC-42A3-9474-1A3956D46DE8}") = "repositorios.access.datos", "repositorios.access.datos", "{A325BBC3-7784-491B-8F3B-1B15923B8D1E}"
EndProject
Project("{FAE04EC0-301F-11D3-BF4B-00C04F79EFBC}") = "repositorios.service", "repositorios.service\repositorios.service.csproj", "{60A63CF4-9802-447D-A0D8-F92AF85699A5}"
EndProject
Project("{2150E333-8FDC-42A3-9474-1A3956D46DE8}") = "brinkos.AppService", "brinkos.AppService", "{286B1A98-F5E2-4F99-AC65-D4C5F331C631}"
EndProject
Project("{FAE04EC0-301F-11D3-BF4B-00C04F79EFBC}") = "brinkos.AppService", "brinkos.AppService\brinkos.AppService.csproj", "{4B6A12F7-9037-4D30-A141-F37B81D5027F}"
EndProject
Global
	GlobalSection(SolutionConfigurationPlatforms) = preSolution
		Debug|Any CPU = Debug|Any CPU
		Release|Any CPU = Release|Any CPU
	EndGlobalSection
	GlobalSection(ProjectConfigurationPlatforms) = postSolution
		{DA513F9C-E2A4-435D-922D-6823041EE758}.Debug|Any CPU.ActiveCfg = Debug|Any CPU
		{DA513F9C-E2A4-435D-922D-6823041EE758}.Debug|Any CPU.Build.0 = Debug|Any CPU
		{DA513F9C-E2A4-435D-922D-6823041EE758}.Release|Any CPU.ActiveCfg = Release|Any CPU
		{DA513F9C-E2A4-435D-922D-6823041EE758}.Release|Any CPU.Build.0 = Release|Any CPU
		{2E52DF28-6D09-4DEF-949A-9A2371D72968}.Debug|Any CPU.ActiveCfg = Debug|Any CPU
		{2E52DF28-6D09-4DEF-949A-9A2371D72968}.Debug|Any CPU.Build.0 = Debug|Any CPU
		{2E52DF28-6D09-4DEF-949A-9A2371D72968}.Release|Any CPU.ActiveCfg = Release|Any CPU
		{2E52DF28-6D09-4DEF-949A-9A2371D72968}.Release|Any CPU.Build.0 = Release|Any CPU
		{41DB44AD-1B38-4F98-A95B-082214D93243}.Debug|Any CPU.ActiveCfg = Debug|Any CPU
		{41DB44AD-1B38-4F98-A95B-082214D93243}.Debug|Any CPU.Build.0 = Debug|Any CPU
		{41DB44AD-1B38-4F98-A95B-082214D93243}.Release|Any CPU.ActiveCfg = Release|Any CPU
		{41DB44AD-1B38-4F98-A95B-082214D93243}.Release|Any CPU.Build.0 = Release|Any CPU
		{60A63CF4-9802-447D-A0D8-F92AF85699A5}.Debug|Any CPU.ActiveCfg = Debug|Any CPU
		{60A63CF4-9802-447D-A0D8-F92AF85699A5}.Debug|Any CPU.Build.0 = Debug|Any CPU
		{60A63CF4-9802-447D-A0D8-F92AF85699A5}.Release|Any CPU.ActiveCfg = Release|Any CPU
		{60A63CF4-9802-447D-A0D8-F92AF85699A5}.Release|Any CPU.Build.0 = Release|Any CPU
		{4B6A12F7-9037-4D30-A141-F37B81D5027F}.Debug|Any CPU.ActiveCfg = Debug|Any CPU
		{4B6A12F7-9037-4D30-A141-F37B81D5027F}.Debug|Any CPU.Build.0 = Debug|Any CPU
		{4B6A12F7-9037-4D30-A141-F37B81D5027F}.Release|Any CPU.ActiveCfg = Release|Any CPU
		{4B6A12F7-9037-4D30-A141-F37B81D5027F}.Release|Any CPU.Build.0 = Release|Any CPU
	EndGlobalSection
	GlobalSection(SolutionProperties) = preSolution
		HideSolutionNode = FALSE
	EndGlobalSection
	GlobalSection(NestedProjects) = preSolution
		{DA513F9C-E2A4-435D-922D-6823041EE758} = {A5E7091C-530C-4407-B526-1EB5B4D6D469}
		{2E52DF28-6D09-4DEF-949A-9A2371D72968} = {2055A4B1-1EBD-4AF0-B749-446E1D25FEF9}
		{A5E7091C-530C-4407-B526-1EB5B4D6D469} = {EBEF9B2D-AD0E-4D30-BFF8-9235104341A8}
		{58DC3EB7-EF17-40C3-8B13-D4BC2CB5AB13} = {EBEF9B2D-AD0E-4D30-BFF8-9235104341A8}
		{41DB44AD-1B38-4F98-A95B-082214D93243} = {58DC3EB7-EF17-40C3-8B13-D4BC2CB5AB13}
		{A325BBC3-7784-491B-8F3B-1B15923B8D1E} = {EBEF9B2D-AD0E-4D30-BFF8-9235104341A8}
		{60A63CF4-9802-447D-A0D8-F92AF85699A5} = {A325BBC3-7784-491B-8F3B-1B15923B8D1E}
		{286B1A98-F5E2-4F99-AC65-D4C5F331C631} = {EBEF9B2D-AD0E-4D30-BFF8-9235104341A8}
		{4B6A12F7-9037-4D30-A141-F37B81D5027F} = {286B1A98-F5E2-4F99-AC65-D4C5F331C631}
	EndGlobalSection
EndGlobal
